
Microsoft Visual Studio Solution File, Format Version 12.00
# Visual Studio Version 17
VisualStudioVersion = 17.5.33530.505
MinimumVisualStudioVersion = 10.0.40219.1
Project("{9A19103F-16F7-4668-BE54-9A1E7A4F7556}") = "CamToVr", "CamToVr.csproj", "{259AD879-F21B-4CB6-A844-D29156D4C2E6}"
EndProject
Global
	GlobalSection(SolutionConfigurationPlatforms) = preSolution
		Debug|x64 = Debug|x64
	EndGlobalSection
	GlobalSection(ProjectConfigurationPlatforms) = postSolution
		{259AD879-F21B-4CB6-A844-D29156D4C2E6}.Debug|x64.ActiveCfg = Debug|x64
		{259AD879-F21B-4CB6-A844-D29156D4C2E6}.Debug|x64.Build.0 = Debug|x64
	EndGlobalSection
	GlobalSection(SolutionProperties) = preSolution
		HideSolutionNode = FALSE
	EndGlobalSection
	GlobalSection(ExtensibilityGlobals) = postSolution
		SolutionGuid = {08E96903-EBC0-46B8-958C-F6CBF14CE755}
	EndGlobalSection
EndGlobal
